
Microsoft Visual Studio Solution File, Format Version 12.00
# Visual Studio Version 17
VisualStudioVersion = 17.1.31911.260
MinimumVisualStudioVersion = 10.0.40219.1
Project("{FAE04EC0-301F-11D3-BF4B-00C04F79EFBC}") = "FunctionAppSupport", "FunctionAppSupport.csproj", "{600EB1E1-B178-41CD-AF02-2A76BFF57F5A}"
EndProject
Global
	GlobalSection(SolutionConfigurationPlatforms) = preSolution
		Debug|Any CPU = Debug|Any CPU
		Release|Any CPU = Release|Any CPU
	EndGlobalSection
	GlobalSection(ProjectConfigurationPlatforms) = postSolution
		{600EB1E1-B178-41CD-AF02-2A76BFF57F5A}.Debug|Any CPU.ActiveCfg = Debug|Any CPU
		{600EB1E1-B178-41CD-AF02-2A76BFF57F5A}.Debug|Any CPU.Build.0 = Debug|Any CPU
		{600EB1E1-B178-41CD-AF02-2A76BFF57F5A}.Release|Any CPU.ActiveCfg = Release|Any CPU
		{600EB1E1-B178-41CD-AF02-2A76BFF57F5A}.Release|Any CPU.Build.0 = Release|Any CPU
	EndGlobalSection
	GlobalSection(SolutionProperties) = preSolution
		HideSolutionNode = FALSE
	EndGlobalSection
	GlobalSection(ExtensibilityGlobals) = postSolution
		SolutionGuid = {3A3E73BF-6650-4501-884A-B773730BDF5D}
	EndGlobalSection
EndGlobal
